// !$*UTF8*$!
{
	archiveVersion = 1;
	classes = {
	};
	objectVersion = 48;
	objects = {

/* Begin PBXBuildFile section */
		20AC4CC536D73D2A360F086A /* Pods_iphonebookTests.framework in Frameworks */ = {isa = PBXBuildFile; fileRef = 5B30A3E607C7358F211AFEE5 /* Pods_iphonebookTests.framework */; };
		2CD7C70152F41B37A76307A8 /* Pods_iphonebookUITests.framework in Frameworks */ = {isa = PBXBuildFile; fileRef = 38E70FE1A5F7C592FF7C5206 /* Pods_iphonebookUITests.framework */; };
		9F1F3BAF1F7E3DC400CF3FE2 /* AddController.swift in Sources */ = {isa = PBXBuildFile; fileRef = 9F1F3BAE1F7E3DC400CF3FE2 /* AddController.swift */; };
		9F1F3BB11F7E4CA000CF3FE2 /* DetailViewController.swift in Sources */ = {isa = PBXBuildFile; fileRef = 9F1F3BB01F7E4CA000CF3FE2 /* DetailViewController.swift */; };
		9F560DB11F7DDB92006C4104 /* AppDelegate.swift in Sources */ = {isa = PBXBuildFile; fileRef = 9F560DB01F7DDB92006C4104 /* AppDelegate.swift */; };
		9F560DB31F7DDB92006C4104 /* FirstViewController.swift in Sources */ = {isa = PBXBuildFile; fileRef = 9F560DB21F7DDB92006C4104 /* FirstViewController.swift */; };
		9F560DB51F7DDB92006C4104 /* SecondViewController.swift in Sources */ = {isa = PBXBuildFile; fileRef = 9F560DB41F7DDB92006C4104 /* SecondViewController.swift */; };
		9F560DB81F7DDB92006C4104 /* Main.storyboard in Resources */ = {isa = PBXBuildFile; fileRef = 9F560DB61F7DDB92006C4104 /* Main.storyboard */; };
		9F560DBA1F7DDB92006C4104 /* Assets.xcassets in Resources */ = {isa = PBXBuildFile; fileRef = 9F560DB91F7DDB92006C4104 /* Assets.xcassets */; };
		9F560DBD1F7DDB92006C4104 /* LaunchScreen.storyboard in Resources */ = {isa = PBXBuildFile; fileRef = 9F560DBB1F7DDB92006C4104 /* LaunchScreen.storyboard */; };
		9F560DC81F7DDB93006C4104 /* iphonebookTests.swift in Sources */ = {isa = PBXBuildFile; fileRef = 9F560DC71F7DDB93006C4104 /* iphonebookTests.swift */; };
		9F560DD31F7DDB93006C4104 /* iphonebookUITests.swift in Sources */ = {isa = PBXBuildFile; fileRef = 9F560DD21F7DDB93006C4104 /* iphonebookUITests.swift */; };
		9F560DE51F7DF305006C4104 /* TableViewController.swift in Sources */ = {isa = PBXBuildFile; fileRef = 9F560DE41F7DF305006C4104 /* TableViewController.swift */; };
		D1AD0CCF5D9CECEF64FB93A6 /* Pods_iphonebook.framework in Frameworks */ = {isa = PBXBuildFile; fileRef = 0C372369223C01AEFCD90EFA /* Pods_iphonebook.framework */; };
/* End PBXBuildFile section */

/* Begin PBXContainerItemProxy section */
		9F560DC41F7DDB93006C4104 /* PBXContainerItemProxy */ = {
			isa = PBXContainerItemProxy;
			containerPortal = 9F560DA51F7DDB92006C4104 /* Project object */;
			proxyType = 1;
			remoteGlobalIDString = 9F560DAC1F7DDB92006C4104;
			remoteInfo = iphonebook;
		};
		9F560DCF1F7DDB93006C4104 /* PBXContainerItemProxy */ = {
			isa = PBXContainerItemProxy;
			containerPortal = 9F560DA51F7DDB92006C4104 /* Project object */;
			proxyType = 1;
			remoteGlobalIDString = 9F560DAC1F7DDB92006C4104;
			remoteInfo = iphonebook;
		};
/* End PBXContainerItemProxy section */

/* Begin PBXFileReference section */
		01048FCD33EBCE5E25ADAD48 /* Pods-iphonebookUITests.release.xcconfig */ = {isa = PBXFileReference; includeInIndex = 1; lastKnownFileType = text.xcconfig; name = "Pods-iphonebookUITests.release.xcconfig"; path = "Pods/Target Support Files/Pods-iphonebookUITests/Pods-iphonebookUITests.release.xcconfig"; sourceTree = "<group>"; };
		0C372369223C01AEFCD90EFA /* Pods_iphonebook.framework */ = {isa = PBXFileReference; explicitFileType = wrapper.framework; includeInIndex = 0; path = Pods_iphonebook.framework; sourceTree = BUILT_PRODUCTS_DIR; };
		0D7B318C801E322FBEB6D4A1 /* Pods-iphonebookTests.release.xcconfig */ = {isa = PBXFileReference; includeInIndex = 1; lastKnownFileType = text.xcconfig; name = "Pods-iphonebookTests.release.xcconfig"; path = "Pods/Target Support Files/Pods-iphonebookTests/Pods-iphonebookTests.release.xcconfig"; sourceTree = "<group>"; };
		38E70FE1A5F7C592FF7C5206 /* Pods_iphonebookUITests.framework */ = {isa = PBXFileReference; explicitFileType = wrapper.framework; includeInIndex = 0; path = Pods_iphonebookUITests.framework; sourceTree = BUILT_PRODUCTS_DIR; };
		5B30A3E607C7358F211AFEE5 /* Pods_iphonebookTests.framework */ = {isa = PBXFileReference; explicitFileType = wrapper.framework; includeInIndex = 0; path = Pods_iphonebookTests.framework; sourceTree = BUILT_PRODUCTS_DIR; };
		9001478582AFEF4BCED25029 /* Pods-iphonebookUITests.debug.xcconfig */ = {isa = PBXFileReference; includeInIndex = 1; lastKnownFileType = text.xcconfig; name = "Pods-iphonebookUITests.debug.xcconfig"; path = "Pods/Target Support Files/Pods-iphonebookUITests/Pods-iphonebookUITests.debug.xcconfig"; sourceTree = "<group>"; };
		9F1F3BAE1F7E3DC400CF3FE2 /* AddController.swift */ = {isa = PBXFileReference; lastKnownFileType = sourcecode.swift; path = AddController.swift; sourceTree = "<group>"; };
		9F1F3BB01F7E4CA000CF3FE2 /* DetailViewController.swift */ = {isa = PBXFileReference; lastKnownFileType = sourcecode.swift; path = DetailViewController.swift; sourceTree = "<group>"; };
		9F560DAD1F7DDB92006C4104 /* iphonebook.app */ = {isa = PBXFileReference; explicitFileType = wrapper.application; includeInIndex = 0; path = iphonebook.app; sourceTree = BUILT_PRODUCTS_DIR; };
		9F560DB01F7DDB92006C4104 /* AppDelegate.swift */ = {isa = PBXFileReference; lastKnownFileType = sourcecode.swift; path = AppDelegate.swift; sourceTree = "<group>"; };
		9F560DB21F7DDB92006C4104 /* FirstViewController.swift */ = {isa = PBXFileReference; lastKnownFileType = sourcecode.swift; path = FirstViewController.swift; sourceTree = "<group>"; };
		9F560DB41F7DDB92006C4104 /* SecondViewController.swift */ = {isa = PBXFileReference; lastKnownFileType = sourcecode.swift; path = SecondViewController.swift; sourceTree = "<group>"; };
		9F560DB71F7DDB92006C4104 /* Base */ = {isa = PBXFileReference; lastKnownFileType = file.storyboard; name = Base; path = Base.lproj/Main.storyboard; sourceTree = "<group>"; };
		9F560DB91F7DDB92006C4104 /* Assets.xcassets */ = {isa = PBXFileReference; lastKnownFileType = folder.assetcatalog; path = Assets.xcassets; sourceTree = "<group>"; };
		9F560DBC1F7DDB92006C4104 /* Base */ = {isa = PBXFileReference; lastKnownFileType = file.storyboard; name = Base; path = Base.lproj/LaunchScreen.storyboard; sourceTree = "<group>"; };
		9F560DBE1F7DDB92006C4104 /* Info.plist */ = {isa = PBXFileReference; lastKnownFileType = text.plist.xml; path = Info.plist; sourceTree = "<group>"; };
		9F560DC31F7DDB93006C4104 /* iphonebookTests.xctest */ = {isa = PBXFileReference; explicitFileType = wrapper.cfbundle; includeInIndex = 0; path = iphonebookTests.xctest; sourceTree = BUILT_PRODUCTS_DIR; };
		9F560DC71F7DDB93006C4104 /* iphonebookTests.swift */ = {isa = PBXFileReference; lastKnownFileType = sourcecode.swift; path = iphonebookTests.swift; sourceTree = "<group>"; };
		9F560DC91F7DDB93006C4104 /* Info.plist */ = {isa = PBXFileReference; lastKnownFileType = text.plist.xml; path = Info.plist; sourceTree = "<group>"; };
		9F560DCE1F7DDB93006C4104 /* iphonebookUITests.xctest */ = {isa = PBXFileReference; explicitFileType = wrapper.cfbundle; includeInIndex = 0; path = iphonebookUITests.xctest; sourceTree = BUILT_PRODUCTS_DIR; };
		9F560DD21F7DDB93006C4104 /* iphonebookUITests.swift */ = {isa = PBXFileReference; lastKnownFileType = sourcecode.swift; path = iphonebookUITests.swift; sourceTree = "<group>"; };
		9F560DD41F7DDB93006C4104 /* Info.plist */ = {isa = PBXFileReference; lastKnownFileType = text.plist.xml; path = Info.plist; sourceTree = "<group>"; };
		9F560DE41F7DF305006C4104 /* TableViewController.swift */ = {isa = PBXFileReference; lastKnownFileType = sourcecode.swift; path = TableViewController.swift; sourceTree = "<group>"; };
		E61C4F2060FC3B0167544A39 /* Pods-iphonebookTests.debug.xcconfig */ = {isa = PBXFileReference; includeInIndex = 1; lastKnownFileType = text.xcconfig; name = "Pods-iphonebookTests.debug.xcconfig"; path = "Pods/Target Support Files/Pods-iphonebookTests/Pods-iphonebookTests.debug.xcconfig"; sourceTree = "<group>"; };
		F9F7799BEC5A554171DD602B /* Pods-iphonebook.debug.xcconfig */ = {isa = PBXFileReference; includeInIndex = 1; lastKnownFileType = text.xcconfig; name = "Pods-iphonebook.debug.xcconfig"; path = "Pods/Target Support Files/Pods-iphonebook/Pods-iphonebook.debug.xcconfig"; sourceTree = "<group>"; };
		FA700B4C5A33C1ECCFA7A50E /* Pods-iphonebook.release.xcconfig */ = {isa = PBXFileReference; includeInIndex = 1; lastKnownFileType = text.xcconfig; name = "Pods-iphonebook.release.xcconfig"; path = "Pods/Target Support Files/Pods-iphonebook/Pods-iphonebook.release.xcconfig"; sourceTree = "<group>"; };
/* End PBXFileReference section */

/* Begin PBXFrameworksBuildPhase section */
		9F560DAA1F7DDB92006C4104 /* Frameworks */ = {
			isa = PBXFrameworksBuildPhase;
			buildActionMask = 2147483647;
			files = (
				D1AD0CCF5D9CECEF64FB93A6 /* Pods_iphonebook.framework in Frameworks */,
			);
			runOnlyForDeploymentPostprocessing = 0;
		};
		9F560DC01F7DDB93006C4104 /* Frameworks */ = {
			isa = PBXFrameworksBuildPhase;
			buildActionMask = 2147483647;
			files = (
				20AC4CC536D73D2A360F086A /* Pods_iphonebookTests.framework in Frameworks */,
			);
			runOnlyForDeploymentPostprocessing = 0;
		};
		9F560DCB1F7DDB93006C4104 /* Frameworks */ = {
			isa = PBXFrameworksBuildPhase;
			buildActionMask = 2147483647;
			files = (
				2CD7C70152F41B37A76307A8 /* Pods_iphonebookUITests.framework in Frameworks */,
			);
			runOnlyForDeploymentPostprocessing = 0;
		};
/* End PBXFrameworksBuildPhase section */

/* Begin PBXGroup section */
		0B612995C68B2D71D02D93EB /* Frameworks */ = {
			isa = PBXGroup;
			children = (
				0C372369223C01AEFCD90EFA /* Pods_iphonebook.framework */,
				5B30A3E607C7358F211AFEE5 /* Pods_iphonebookTests.framework */,
				38E70FE1A5F7C592FF7C5206 /* Pods_iphonebookUITests.framework */,
			);
			name = Frameworks;
			sourceTree = "<group>";
		};
		48C164CCE9C6D8A4FAE9FC32 /* Pods */ = {
			isa = PBXGroup;
			children = (
				F9F7799BEC5A554171DD602B /* Pods-iphonebook.debug.xcconfig */,
				FA700B4C5A33C1ECCFA7A50E /* Pods-iphonebook.release.xcconfig */,
				E61C4F2060FC3B0167544A39 /* Pods-iphonebookTests.debug.xcconfig */,
				0D7B318C801E322FBEB6D4A1 /* Pods-iphonebookTests.release.xcconfig */,
				9001478582AFEF4BCED25029 /* Pods-iphonebookUITests.debug.xcconfig */,
				01048FCD33EBCE5E25ADAD48 /* Pods-iphonebookUITests.release.xcconfig */,
			);
			name = Pods;
			sourceTree = "<group>";
		};
		9F560DA41F7DDB92006C4104 = {
			isa = PBXGroup;
			children = (
				9F560DAF1F7DDB92006C4104 /* iphonebook */,
				9F560DC61F7DDB93006C4104 /* iphonebookTests */,
				9F560DD11F7DDB93006C4104 /* iphonebookUITests */,
				9F560DAE1F7DDB92006C4104 /* Products */,
				48C164CCE9C6D8A4FAE9FC32 /* Pods */,
				0B612995C68B2D71D02D93EB /* Frameworks */,
			);
			sourceTree = "<group>";
		};
		9F560DAE1F7DDB92006C4104 /* Products */ = {
			isa = PBXGroup;
			children = (
				9F560DAD1F7DDB92006C4104 /* iphonebook.app */,
				9F560DC31F7DDB93006C4104 /* iphonebookTests.xctest */,
				9F560DCE1F7DDB93006C4104 /* iphonebookUITests.xctest */,
			);
			name = Products;
			sourceTree = "<group>";
		};
		9F560DAF1F7DDB92006C4104 /* iphonebook */ = {
			isa = PBXGroup;
			children = (
				9F560DB01F7DDB92006C4104 /* AppDelegate.swift */,
				9F560DB21F7DDB92006C4104 /* FirstViewController.swift */,
				9F560DB41F7DDB92006C4104 /* SecondViewController.swift */,
				9F560DB61F7DDB92006C4104 /* Main.storyboard */,
				9F560DB91F7DDB92006C4104 /* Assets.xcassets */,
				9F560DBB1F7DDB92006C4104 /* LaunchScreen.storyboard */,
				9F560DBE1F7DDB92006C4104 /* Info.plist */,
				9F560DE41F7DF305006C4104 /* TableViewController.swift */,
				9F1F3BAE1F7E3DC400CF3FE2 /* AddController.swift */,
				9F1F3BB01F7E4CA000CF3FE2 /* DetailViewController.swift */,
			);
			path = iphonebook;
			sourceTree = "<group>";
		};
		9F560DC61F7DDB93006C4104 /* iphonebookTests */ = {
			isa = PBXGroup;
			children = (
				9F560DC71F7DDB93006C4104 /* iphonebookTests.swift */,
				9F560DC91F7DDB93006C4104 /* Info.plist */,
			);
			path = iphonebookTests;
			sourceTree = "<group>";
		};
		9F560DD11F7DDB93006C4104 /* iphonebookUITests */ = {
			isa = PBXGroup;
			children = (
				9F560DD21F7DDB93006C4104 /* iphonebookUITests.swift */,
				9F560DD41F7DDB93006C4104 /* Info.plist */,
			);
			path = iphonebookUITests;
			sourceTree = "<group>";
		};
/* End PBXGroup section */

/* Begin PBXNativeTarget section */
		9F560DAC1F7DDB92006C4104 /* iphonebook */ = {
			isa = PBXNativeTarget;
			buildConfigurationList = 9F560DD71F7DDB93006C4104 /* Build configuration list for PBXNativeTarget "iphonebook" */;
			buildPhases = (
				87321F4E135FA885817E7637 /* [CP] Check Pods Manifest.lock */,
				9F560DA91F7DDB92006C4104 /* Sources */,
				9F560DAA1F7DDB92006C4104 /* Frameworks */,
				9F560DAB1F7DDB92006C4104 /* Resources */,
				57A99A4C036D700CC9E41C62 /* [CP] Embed Pods Frameworks */,
				A364535C8306727D57A88F92 /* [CP] Copy Pods Resources */,
			);
			buildRules = (
			);
			dependencies = (
			);
			name = iphonebook;
			productName = iphonebook;
			productReference = 9F560DAD1F7DDB92006C4104 /* iphonebook.app */;
			productType = "com.apple.product-type.application";
		};
		9F560DC21F7DDB93006C4104 /* iphonebookTests */ = {
			isa = PBXNativeTarget;
			buildConfigurationList = 9F560DDA1F7DDB93006C4104 /* Build configuration list for PBXNativeTarget "iphonebookTests" */;
			buildPhases = (
				C3D98E46291B4AC9ACDD4C25 /* [CP] Check Pods Manifest.lock */,
				9F560DBF1F7DDB93006C4104 /* Sources */,
				9F560DC01F7DDB93006C4104 /* Frameworks */,
				9F560DC11F7DDB93006C4104 /* Resources */,
				301CC0E0E68876F33B947679 /* [CP] Embed Pods Frameworks */,
				F36FE6CB4FADA9216E817926 /* [CP] Copy Pods Resources */,
			);
			buildRules = (
			);
			dependencies = (
				9F560DC51F7DDB93006C4104 /* PBXTargetDependency */,
			);
			name = iphonebookTests;
			productName = iphonebookTests;
			productReference = 9F560DC31F7DDB93006C4104 /* iphonebookTests.xctest */;
			productType = "com.apple.product-type.bundle.unit-test";
		};
		9F560DCD1F7DDB93006C4104 /* iphonebookUITests */ = {
			isa = PBXNativeTarget;
			buildConfigurationList = 9F560DDD1F7DDB93006C4104 /* Build configuration list for PBXNativeTarget "iphonebookUITests" */;
			buildPhases = (
				F5FC4E05377BA4479B939EA2 /* [CP] Check Pods Manifest.lock */,
				9F560DCA1F7DDB93006C4104 /* Sources */,
				9F560DCB1F7DDB93006C4104 /* Frameworks */,
				9F560DCC1F7DDB93006C4104 /* Resources */,
				79F28122BD2FE46AEB8D0B7A /* [CP] Embed Pods Frameworks */,
				EF30BE4F0EBAA5C7F542916C /* [CP] Copy Pods Resources */,
			);
			buildRules = (
			);
			dependencies = (
				9F560DD01F7DDB93006C4104 /* PBXTargetDependency */,
			);
			name = iphonebookUITests;
			productName = iphonebookUITests;
			productReference = 9F560DCE1F7DDB93006C4104 /* iphonebookUITests.xctest */;
			productType = "com.apple.product-type.bundle.ui-testing";
		};
/* End PBXNativeTarget section */

/* Begin PBXProject section */
		9F560DA51F7DDB92006C4104 /* Project object */ = {
			isa = PBXProject;
			attributes = {
				LastSwiftUpdateCheck = 0900;
				LastUpgradeCheck = 0900;
				ORGANIZATIONNAME = "Mulki Febrianto";
				TargetAttributes = {
					9F560DAC1F7DDB92006C4104 = {
						CreatedOnToolsVersion = 9.0;
						ProvisioningStyle = Automatic;
					};
					9F560DC21F7DDB93006C4104 = {
						CreatedOnToolsVersion = 9.0;
						ProvisioningStyle = Automatic;
						TestTargetID = 9F560DAC1F7DDB92006C4104;
					};
					9F560DCD1F7DDB93006C4104 = {
						CreatedOnToolsVersion = 9.0;
						ProvisioningStyle = Automatic;
						TestTargetID = 9F560DAC1F7DDB92006C4104;
					};
				};
			};
			buildConfigurationList = 9F560DA81F7DDB92006C4104 /* Build configuration list for PBXProject "iphonebook" */;
			compatibilityVersion = "Xcode 8.0";
			developmentRegion = en;
			hasScannedForEncodings = 0;
			knownRegions = (
				en,
				Base,
			);
			mainGroup = 9F560DA41F7DDB92006C4104;
			productRefGroup = 9F560DAE1F7DDB92006C4104 /* Products */;
			projectDirPath = "";
			projectRoot = "";
			targets = (
				9F560DAC1F7DDB92006C4104 /* iphonebook */,
				9F560DC21F7DDB93006C4104 /* iphonebookTests */,
				9F560DCD1F7DDB93006C4104 /* iphonebookUITests */,
			);
		};
/* End PBXProject section */

/* Begin PBXResourcesBuildPhase section */
		9F560DAB1F7DDB92006C4104 /* Resources */ = {
			isa = PBXResourcesBuildPhase;
			buildActionMask = 2147483647;
			files = (
				9F560DBD1F7DDB92006C4104 /* LaunchScreen.storyboard in Resources */,
				9F560DBA1F7DDB92006C4104 /* Assets.xcassets in Resources */,
				9F560DB81F7DDB92006C4104 /* Main.storyboard in Resources */,
			);
			runOnlyForDeploymentPostprocessing = 0;
		};
		9F560DC11F7DDB93006C4104 /* Resources */ = {
			isa = PBXResourcesBuildPhase;
			buildActionMask = 2147483647;
			files = (
			);
			runOnlyForDeploymentPostprocessing = 0;
		};
		9F560DCC1F7DDB93006C4104 /* Resources */ = {
			isa = PBXResourcesBuildPhase;
			buildActionMask = 2147483647;
			files = (
			);
			runOnlyForDeploymentPostprocessing = 0;
		};
/* End PBXResourcesBuildPhase section */

/* Begin PBXShellScriptBuildPhase section */
		301CC0E0E68876F33B947679 /* [CP] Embed Pods Frameworks */ = {
			isa = PBXShellScriptBuildPhase;
			buildActionMask = 2147483647;
			files = (
			);
			inputPaths = (
			);
			name = "[CP] Embed Pods Frameworks";
			outputPaths = (
			);
			runOnlyForDeploymentPostprocessing = 0;
			shellPath = /bin/sh;
			shellScript = "\"${SRCROOT}/Pods/Target Support Files/Pods-iphonebookTests/Pods-iphonebookTests-frameworks.sh\"\n";
			showEnvVarsInLog = 0;
		};
		57A99A4C036D700CC9E41C62 /* [CP] Embed Pods Frameworks */ = {
			isa = PBXShellScriptBuildPhase;
			buildActionMask = 2147483647;
			files = (
			);
			inputPaths = (
				"${SRCROOT}/Pods/Target Support Files/Pods-iphonebook/Pods-iphonebook-frameworks.sh",
				"${BUILT_PRODUCTS_DIR}/Alamofire/Alamofire.framework",
				"${BUILT_PRODUCTS_DIR}/SwiftyJSON/SwiftyJSON.framework",
			);
			name = "[CP] Embed Pods Frameworks";
			outputPaths = (
				"${TARGET_BUILD_DIR}/${FRAMEWORKS_FOLDER_PATH}/Alamofire.framework",
				"${TARGET_BUILD_DIR}/${FRAMEWORKS_FOLDER_PATH}/SwiftyJSON.framework",
			);
			runOnlyForDeploymentPostprocessing = 0;
			shellPath = /bin/sh;
			shellScript = "\"${SRCROOT}/Pods/Target Support Files/Pods-iphonebook/Pods-iphonebook-frameworks.sh\"\n";
			showEnvVarsInLog = 0;
		};
		79F28122BD2FE46AEB8D0B7A /* [CP] Embed Pods Frameworks */ = {
			isa = PBXShellScriptBuildPhase;
			buildActionMask = 2147483647;
			files = (
			);
			inputPaths = (
			);
			name = "[CP] Embed Pods Frameworks";
			outputPaths = (
			);
			runOnlyForDeploymentPostprocessing = 0;
			shellPath = /bin/sh;
			shellScript = "\"${SRCROOT}/Pods/Target Support Files/Pods-iphonebookUITests/Pods-iphonebookUITests-frameworks.sh\"\n";
			showEnvVarsInLog = 0;
		};
		87321F4E135FA885817E7637 /* [CP] Check Pods Manifest.lock */ = {
			isa = PBXShellScriptBuildPhase;
			buildActionMask = 2147483647;
			files = (
			);
			inputPaths = (
				"${PODS_PODFILE_DIR_PATH}/Podfile.lock",
				"${PODS_ROOT}/Manifest.lock",
			);
			name = "[CP] Check Pods Manifest.lock";
			outputPaths = (
				"$(DERIVED_FILE_DIR)/Pods-iphonebook-checkManifestLockResult.txt",
			);
			runOnlyForDeploymentPostprocessing = 0;
			shellPath = /bin/sh;
			shellScript = "diff \"${PODS_PODFILE_DIR_PATH}/Podfile.lock\" \"${PODS_ROOT}/Manifest.lock\" > /dev/null\nif [ $? != 0 ] ; then\n    # print error to STDERR\n    echo \"error: The sandbox is not in sync with the Podfile.lock. Run 'pod install' or update your CocoaPods installation.\" >&2\n    exit 1\nfi\n# This output is used by Xcode 'outputs' to avoid re-running this script phase.\necho \"SUCCESS\" > \"${SCRIPT_OUTPUT_FILE_0}\"\n";
			showEnvVarsInLog = 0;
		};
		A364535C8306727D57A88F92 /* [CP] Copy Pods Resources */ = {
			isa = PBXShellScriptBuildPhase;
			buildActionMask = 2147483647;
			files = (
			);
			inputPaths = (
			);
			name = "[CP] Copy Pods Resources";
			outputPaths = (
			);
			runOnlyForDeploymentPostprocessing = 0;
			shellPath = /bin/sh;
			shellScript = "\"${SRCROOT}/Pods/Target Support Files/Pods-iphonebook/Pods-iphonebook-resources.sh\"\n";
			showEnvVarsInLog = 0;
		};
		C3D98E46291B4AC9ACDD4C25 /* [CP] Check Pods Manifest.lock */ = {
			isa = PBXShellScriptBuildPhase;
			buildActionMask = 2147483647;
			files = (
			);
			inputPaths = (
				"${PODS_PODFILE_DIR_PATH}/Podfile.lock",
				"${PODS_ROOT}/Manifest.lock",
			);
			name = "[CP] Check Pods Manifest.lock";
			outputPaths = (
				"$(DERIVED_FILE_DIR)/Pods-iphonebookTests-checkManifestLockResult.txt",
			);
			runOnlyForDeploymentPostprocessing = 0;
			shellPath = /bin/sh;
			shellScript = "diff \"${PODS_PODFILE_DIR_PATH}/Podfile.lock\" \"${PODS_ROOT}/Manifest.lock\" > /dev/null\nif [ $? != 0 ] ; then\n    # print error to STDERR\n    echo \"error: The sandbox is not in sync with the Podfile.lock. Run 'pod install' or update your CocoaPods installation.\" >&2\n    exit 1\nfi\n# This output is used by Xcode 'outputs' to avoid re-running this script phase.\necho \"SUCCESS\" > \"${SCRIPT_OUTPUT_FILE_0}\"\n";
			showEnvVarsInLog = 0;
		};
		EF30BE4F0EBAA5C7F542916C /* [CP] Copy Pods Resources */ = {
			isa = PBXShellScriptBuildPhase;
			buildActionMask = 2147483647;
			files = (
			);
			inputPaths = (
			);
			name = "[CP] Copy Pods Resources";
			outputPaths = (
			);
			runOnlyForDeploymentPostprocessing = 0;
			shellPath = /bin/sh;
			shellScript = "\"${SRCROOT}/Pods/Target Support Files/Pods-iphonebookUITests/Pods-iphonebookUITests-resources.sh\"\n";
			showEnvVarsInLog = 0;
		};
		F36FE6CB4FADA9216E817926 /* [CP] Copy Pods Resources */ = {
			isa = PBXShellScriptBuildPhase;
			buildActionMask = 2147483647;
			files = (
			);
			inputPaths = (
			);
			name = "[CP] Copy Pods Resources";
			outputPaths = (
			);
			runOnlyForDeploymentPostprocessing = 0;
			shellPath = /bin/sh;
			shellScript = "\"${SRCROOT}/Pods/Target Support Files/Pods-iphonebookTests/Pods-iphonebookTests-resources.sh\"\n";
			showEnvVarsInLog = 0;
		};
		F5FC4E05377BA4479B939EA2 /* [CP] Check Pods Manifest.lock */ = {
			isa = PBXShellScriptBuildPhase;
			buildActionMask = 2147483647;
			files = (
			);
			inputPaths = (
				"${PODS_PODFILE_DIR_PATH}/Podfile.lock",
				"${PODS_ROOT}/Manifest.lock",
			);
			name = "[CP] Check Pods Manifest.lock";
			outputPaths = (
				"$(DERIVED_FILE_DIR)/Pods-iphonebookUITests-checkManifestLockResult.txt",
			);
			runOnlyForDeploymentPostprocessing = 0;
			shellPath = /bin/sh;
			shellScript = "diff \"${PODS_PODFILE_DIR_PATH}/Podfile.lock\" \"${PODS_ROOT}/Manifest.lock\" > /dev/null\nif [ $? != 0 ] ; then\n    # print error to STDERR\n    echo \"error: The sandbox is not in sync with the Podfile.lock. Run 'pod install' or update your CocoaPods installation.\" >&2\n    exit 1\nfi\n# This output is used by Xcode 'outputs' to avoid re-running this script phase.\necho \"SUCCESS\" > \"${SCRIPT_OUTPUT_FILE_0}\"\n";
			showEnvVarsInLog = 0;
		};
/* End PBXShellScriptBuildPhase section */

/* Begin PBXSourcesBuildPhase section */
		9F560DA91F7DDB92006C4104 /* Sources */ = {
			isa = PBXSourcesBuildPhase;
			buildActionMask = 2147483647;
			files = (
				9F560DB51F7DDB92006C4104 /* SecondViewController.swift in Sources */,
				9F1F3BAF1F7E3DC400CF3FE2 /* AddController.swift in Sources */,
				9F560DB11F7DDB92006C4104 /* AppDelegate.swift in Sources */,
				9F1F3BB11F7E4CA000CF3FE2 /* DetailViewController.swift in Sources */,
				9F560DB31F7DDB92006C4104 /* FirstViewController.swift in Sources */,
				9F560DE51F7DF305006C4104 /* TableViewController.swift in Sources */,
			);
			runOnlyForDeploymentPostprocessing = 0;
		};
		9F560DBF1F7DDB93006C4104 /* Sources */ = {
			isa = PBXSourcesBuildPhase;
			buildActionMask = 2147483647;
			files = (
				9F560DC81F7DDB93006C4104 /* iphonebookTests.swift in Sources */,
			);
			runOnlyForDeploymentPostprocessing = 0;
		};
		9F560DCA1F7DDB93006C4104 /* Sources */ = {
			isa = PBXSourcesBuildPhase;
			buildActionMask = 2147483647;
			files = (
				9F560DD31F7DDB93006C4104 /* iphonebookUITests.swift in Sources */,
			);
			runOnlyForDeploymentPostprocessing = 0;
		};
/* End PBXSourcesBuildPhase section */

/* Begin PBXTargetDependency section */
		9F560DC51F7DDB93006C4104 /* PBXTargetDependency */ = {
			isa = PBXTargetDependency;
			target = 9F560DAC1F7DDB92006C4104 /* iphonebook */;
			targetProxy = 9F560DC41F7DDB93006C4104 /* PBXContainerItemProxy */;
		};
		9F560DD01F7DDB93006C4104 /* PBXTargetDependency */ = {
			isa = PBXTargetDependency;
			target = 9F560DAC1F7DDB92006C4104 /* iphonebook */;
			targetProxy = 9F560DCF1F7DDB93006C4104 /* PBXContainerItemProxy */;
		};
/* End PBXTargetDependency section */

/* Begin PBXVariantGroup section */
		9F560DB61F7DDB92006C4104 /* Main.storyboard */ = {
			isa = PBXVariantGroup;
			children = (
				9F560DB71F7DDB92006C4104 /* Base */,
			);
			name = Main.storyboard;
			sourceTree = "<group>";
		};
		9F560DBB1F7DDB92006C4104 /* LaunchScreen.storyboard */ = {
			isa = PBXVariantGroup;
			children = (
				9F560DBC1F7DDB92006C4104 /* Base */,
			);
			name = LaunchScreen.storyboard;
			sourceTree = "<group>";
		};
/* End PBXVariantGroup section */

/* Begin XCBuildConfiguration section */
		9F560DD51F7DDB93006C4104 /* Debug */ = {
			isa = XCBuildConfiguration;
			buildSettings = {
				ALWAYS_SEARCH_USER_PATHS = NO;
				CLANG_ANALYZER_NONNULL = YES;
				CLANG_ANALYZER_NUMBER_OBJECT_CONVERSION = YES_AGGRESSIVE;
				CLANG_CXX_LANGUAGE_STANDARD = "gnu++14";
				CLANG_CXX_LIBRARY = "libc++";
				CLANG_ENABLE_MODULES = YES;
				CLANG_ENABLE_OBJC_ARC = YES;
				CLANG_WARN_BLOCK_CAPTURE_AUTORELEASING = YES;
				CLANG_WARN_BOOL_CONVERSION = YES;
				CLANG_WARN_COMMA = YES;
				CLANG_WARN_CONSTANT_CONVERSION = YES;
				CLANG_WARN_DIRECT_OBJC_ISA_USAGE = YES_ERROR;
				CLANG_WARN_DOCUMENTATION_COMMENTS = YES;
				CLANG_WARN_EMPTY_BODY = YES;
				CLANG_WARN_ENUM_CONVERSION = YES;
				CLANG_WARN_INFINITE_RECURSION = YES;
				CLANG_WARN_INT_CONVERSION = YES;
				CLANG_WARN_NON_LITERAL_NULL_CONVERSION = YES;
				CLANG_WARN_OBJC_LITERAL_CONVERSION = YES;
				CLANG_WARN_OBJC_ROOT_CLASS = YES_ERROR;
				CLANG_WARN_RANGE_LOOP_ANALYSIS = YES;
				CLANG_WARN_STRICT_PROTOTYPES = YES;
				CLANG_WARN_SUSPICIOUS_MOVE = YES;
				CLANG_WARN_UNGUARDED_AVAILABILITY = YES_AGGRESSIVE;
				CLANG_WARN_UNREACHABLE_CODE = YES;
				CLANG_WARN__DUPLICATE_METHOD_MATCH = YES;
				CODE_SIGN_IDENTITY = "iPhone Developer";
				COPY_PHASE_STRIP = NO;
				DEBUG_INFORMATION_FORMAT = dwarf;
				ENABLE_STRICT_OBJC_MSGSEND = YES;
				ENABLE_TESTABILITY = YES;
				GCC_C_LANGUAGE_STANDARD = gnu11;
				GCC_DYNAMIC_NO_PIC = NO;
				GCC_NO_COMMON_BLOCKS = YES;
				GCC_OPTIMIZATION_LEVEL = 0;
				GCC_PREPROCESSOR_DEFINITIONS = (
					"DEBUG=1",
					"$(inherited)",
				);
				GCC_WARN_64_TO_32_BIT_CONVERSION = YES;
				GCC_WARN_ABOUT_RETURN_TYPE = YES_ERROR;
				GCC_WARN_UNDECLARED_SELECTOR = YES;
				GCC_WARN_UNINITIALIZED_AUTOS = YES_AGGRESSIVE;
				GCC_WARN_UNUSED_FUNCTION = YES;
				GCC_WARN_UNUSED_VARIABLE = YES;
				IPHONEOS_DEPLOYMENT_TARGET = 11.0;
				MTL_ENABLE_DEBUG_INFO = YES;
				ONLY_ACTIVE_ARCH = YES;
				SDKROOT = iphoneos;
				SWIFT_ACTIVE_COMPILATION_CONDITIONS = DEBUG;
				SWIFT_OPTIMIZATION_LEVEL = "-Onone";
			};
			name = Debug;
		};
		9F560DD61F7DDB93006C4104 /* Release */ = {
			isa = XCBuildConfiguration;
			buildSettings = {
				ALWAYS_SEARCH_USER_PATHS = NO;
				CLANG_ANALYZER_NONNULL = YES;
				CLANG_ANALYZER_NUMBER_OBJECT_CONVERSION = YES_AGGRESSIVE;
				CLANG_CXX_LANGUAGE_STANDARD = "gnu++14";
				CLANG_CXX_LIBRARY = "libc++";
				CLANG_ENABLE_MODULES = YES;
				CLANG_ENABLE_OBJC_ARC = YES;
				CLANG_WARN_BLOCK_CAPTURE_AUTORELEASING = YES;
				CLANG_WARN_BOOL_CONVERSION = YES;
				CLANG_WARN_COMMA = YES;
				CLANG_WARN_CONSTANT_CONVERSION = YES;
				CLANG_WARN_DIRECT_OBJC_ISA_USAGE = YES_ERROR;
				CLANG_WARN_DOCUMENTATION_COMMENTS = YES;
				CLANG_WARN_EMPTY_BODY = YES;
				CLANG_WARN_ENUM_CONVERSION = YES;
				CLANG_WARN_INFINITE_RECURSION = YES;
				CLANG_WARN_INT_CONVERSION = YES;
				CLANG_WARN_NON_LITERAL_NULL_CONVERSION = YES;
				CLANG_WARN_OBJC_LITERAL_CONVERSION = YES;
				CLANG_WARN_OBJC_ROOT_CLASS = YES_ERROR;
				CLANG_WARN_RANGE_LOOP_ANALYSIS = YES;
				CLANG_WARN_STRICT_PROTOTYPES = YES;
				CLANG_WARN_SUSPICIOUS_MOVE = YES;
				CLANG_WARN_UNGUARDED_AVAILABILITY = YES_AGGRESSIVE;
				CLANG_WARN_UNREACHABLE_CODE = YES;
				CLANG_WARN__DUPLICATE_METHOD_MATCH = YES;
				CODE_SIGN_IDENTITY = "iPhone Developer";
				COPY_PHASE_STRIP = NO;
				DEBUG_INFORMATION_FORMAT = "dwarf-with-dsym";
				ENABLE_NS_ASSERTIONS = NO;
				ENABLE_STRICT_OBJC_MSGSEND = YES;
				GCC_C_LANGUAGE_STANDARD = gnu11;
				GCC_NO_COMMON_BLOCKS = YES;
				GCC_WARN_64_TO_32_BIT_CONVERSION = YES;
				GCC_WARN_ABOUT_RETURN_TYPE = YES_ERROR;
				GCC_WARN_UNDECLARED_SELECTOR = YES;
				GCC_WARN_UNINITIALIZED_AUTOS = YES_AGGRESSIVE;
				GCC_WARN_UNUSED_FUNCTION = YES;
				GCC_WARN_UNUSED_VARIABLE = YES;
				IPHONEOS_DEPLOYMENT_TARGET = 11.0;
				MTL_ENABLE_DEBUG_INFO = NO;
				SDKROOT = iphoneos;
				SWIFT_OPTIMIZATION_LEVEL = "-Owholemodule";
				VALIDATE_PRODUCT = YES;
			};
			name = Release;
		};
		9F560DD81F7DDB93006C4104 /* Debug */ = {
			isa = XCBuildConfiguration;
			baseConfigurationReference = F9F7799BEC5A554171DD602B /* Pods-iphonebook.debug.xcconfig */;
			buildSettings = {
				ASSETCATALOG_COMPILER_APPICON_NAME = AppIcon;
				CODE_SIGN_STYLE = Automatic;
				INFOPLIST_FILE = iphonebook/Info.plist;
				LD_RUNPATH_SEARCH_PATHS = "$(inherited) @executable_path/Frameworks";
				PRODUCT_BUNDLE_IDENTIFIER = mf.co.iphonebook;
				PRODUCT_NAME = "$(TARGET_NAME)";
				SWIFT_VERSION = 4.0;
				TARGETED_DEVICE_FAMILY = "1,2";
			};
			name = Debug;
		};
		9F560DD91F7DDB93006C4104 /* Release */ = {
			isa = XCBuildConfiguration;
			baseConfigurationReference = FA700B4C5A33C1ECCFA7A50E /* Pods-iphonebook.release.xcconfig */;
			buildSettings = {
				ASSETCATALOG_COMPILER_APPICON_NAME = AppIcon;
				CODE_SIGN_STYLE = Automatic;
				INFOPLIST_FILE = iphonebook/Info.plist;
				LD_RUNPATH_SEARCH_PATHS = "$(inherited) @executable_path/Frameworks";
				PRODUCT_BUNDLE_IDENTIFIER = mf.co.iphonebook;
				PRODUCT_NAME = "$(TARGET_NAME)";
				SWIFT_VERSION = 4.0;
				TARGETED_DEVICE_FAMILY = "1,2";
			};
			name = Release;
		};
		9F560DDB1F7DDB93006C4104 /* Debug */ = {
			isa = XCBuildConfiguration;
			baseConfigurationReference = E61C4F2060FC3B0167544A39 /* Pods-iphonebookTests.debug.xcconfig */;
			buildSettings = {
				ALWAYS_EMBED_SWIFT_STANDARD_LIBRARIES = YES;
				BUNDLE_LOADER = "$(TEST_HOST)";
				CODE_SIGN_STYLE = Automatic;
				INFOPLIST_FILE = iphonebookTests/Info.plist;
				LD_RUNPATH_SEARCH_PATHS = "$(inherited) @executable_path/Frameworks @loader_path/Frameworks";
				PRODUCT_BUNDLE_IDENTIFIER = mf.co.iphonebookTests;
				PRODUCT_NAME = "$(TARGET_NAME)";
				SWIFT_VERSION = 4.0;
				TARGETED_DEVICE_FAMILY = "1,2";
				TEST_HOST = "$(BUILT_PRODUCTS_DIR)/iphonebook.app/iphonebook";
			};
			name = Debug;
		};
		9F560DDC1F7DDB93006C4104 /* Release */ = {
			isa = XCBuildConfiguration;
			baseConfigurationReference = 0D7B318C801E322FBEB6D4A1 /* Pods-iphonebookTests.release.xcconfig */;
			buildSettings = {
				ALWAYS_EMBED_SWIFT_STANDARD_LIBRARIES = YES;
				BUNDLE_LOADER = "$(TEST_HOST)";
				CODE_SIGN_STYLE = Automatic;
				INFOPLIST_FILE = iphonebookTests/Info.plist;
				LD_RUNPATH_SEARCH_PATHS = "$(inherited) @executable_path/Frameworks @loader_path/Frameworks";
				PRODUCT_BUNDLE_IDENTIFIER = mf.co.iphonebookTests;
				PRODUCT_NAME = "$(TARGET_NAME)";
				SWIFT_VERSION = 4.0;
				TARGETED_DEVICE_FAMILY = "1,2";
				TEST_HOST = "$(BUILT_PRODUCTS_DIR)/iphonebook.app/iphonebook";
			};
			name = Release;
		};
		9F560DDE1F7DDB93006C4104 /* Debug */ = {
			isa = XCBuildConfiguration;
			baseConfigurationReference = 9001478582AFEF4BCED25029 /* Pods-iphonebookUITests.debug.xcconfig */;
			buildSettings = {
				ALWAYS_EMBED_SWIFT_STANDARD_LIBRARIES = YES;
				CODE_SIGN_STYLE = Automatic;
				INFOPLIST_FILE = iphonebookUITests/Info.plist;
				LD_RUNPATH_SEARCH_PATHS = "$(inherited) @executable_path/Frameworks @loader_path/Frameworks";
				PRODUCT_BUNDLE_IDENTIFIER = mf.co.iphonebookUITests;
				PRODUCT_NAME = "$(TARGET_NAME)";
				SWIFT_VERSION = 4.0;
				TARGETED_DEVICE_FAMILY = "1,2";
				TEST_TARGET_NAME = iphonebook;
			};
			name = Debug;
		};
		9F560DDF1F7DDB93006C4104 /* Release */ = {
			isa = XCBuildConfiguration;
			baseConfigurationReference = 01048FCD33EBCE5E25ADAD48 /* Pods-iphonebookUITests.release.xcconfig */;
			buildSettings = {
				ALWAYS_EMBED_SWIFT_STANDARD_LIBRARIES = YES;
				CODE_SIGN_STYLE = Automatic;
				INFOPLIST_FILE = iphonebookUITests/Info.plist;
				LD_RUNPATH_SEARCH_PATHS = "$(inherited) @executable_path/Frameworks @loader_path/Frameworks";
				PRODUCT_BUNDLE_IDENTIFIER = mf.co.iphonebookUITests;
				PRODUCT_NAME = "$(TARGET_NAME)";
				SWIFT_VERSION = 4.0;
				TARGETED_DEVICE_FAMILY = "1,2";
				TEST_TARGET_NAME = iphonebook;
			};
			name = Release;
		};
/* End XCBuildConfiguration section */

/* Begin XCConfigurationList section */
		9F560DA81F7DDB92006C4104 /* Build configuration list for PBXProject "iphonebook" */ = {
			isa = XCConfigurationList;
			buildConfigurations = (
				9F560DD51F7DDB93006C4104 /* Debug */,
				9F560DD61F7DDB93006C4104 /* Release */,
			);
			defaultConfigurationIsVisible = 0;
			defaultConfigurationName = Release;
		};
		9F560DD71F7DDB93006C4104 /* Build configuration list for PBXNativeTarget "iphonebook" */ = {
			isa = XCConfigurationList;
			buildConfigurations = (
				9F560DD81F7DDB93006C4104 /* Debug */,
				9F560DD91F7DDB93006C4104 /* Release */,
			);
			defaultConfigurationIsVisible = 0;
			defaultConfigurationName = Release;
		};
		9F560DDA1F7DDB93006C4104 /* Build configuration list for PBXNativeTarget "iphonebookTests" */ = {
			isa = XCConfigurationList;
			buildConfigurations = (
				9F560DDB1F7DDB93006C4104 /* Debug */,
				9F560DDC1F7DDB93006C4104 /* Release */,
			);
			defaultConfigurationIsVisible = 0;
			defaultConfigurationName = Release;
		};
		9F560DDD1F7DDB93006C4104 /* Build configuration list for PBXNativeTarget "iphonebookUITests" */ = {
			isa = XCConfigurationList;
			buildConfigurations = (
				9F560DDE1F7DDB93006C4104 /* Debug */,
				9F560DDF1F7DDB93006C4104 /* Release */,
			);
			defaultConfigurationIsVisible = 0;
			defaultConfigurationName = Release;
		};
/* End XCConfigurationList section */
	};
	rootObject = 9F560DA51F7DDB92006C4104 /* Project object */;
}
